
Microsoft Visual Studio Solution File, Format Version 12.00
# Visual Studio Version 17
VisualStudioVersion = 17.14.36616.10
MinimumVisualStudioVersion = 10.0.40219.1
Project("{FAE04EC0-301F-11D3-BF4B-00C04F79EFBC}") = "BackendService.API", "BackendService.API\BackendService.API.csproj", "{D212F886-1F30-7715-47A3-22113145FF29}"
EndProject
Project("{FAE04EC0-301F-11D3-BF4B-00C04F79EFBC}") = "BackendService.DAL", "BackendService.DAL\BackendService.DAL.csproj", "{6FD20265-C37D-116F-F9B9-782298815D89}"
EndProject
Project("{FAE04EC0-301F-11D3-BF4B-00C04F79EFBC}") = "BackendService.Common", "BackendService.Common\BackendService.Common.csproj", "{03AB255B-F402-E0F6-0827-23A40AA2BCD3}"
EndProject
Project("{FAE04EC0-301F-11D3-BF4B-00C04F79EFBC}") = "BackendService.BLL", "BackendService.BLL\BackendService.BLL.csproj", "{6BE08798-43AF-E8D9-A31B-C5990B830F68}"
EndProject
Project("{FAE04EC0-301F-11D3-BF4B-00C04F79EFBC}") = "BackendService.Tests", "BackendService.Tests\BackendService.Tests.csproj", "{BA1DA8B5-729E-4B18-BFF4-FCBD8E950F0C}"
EndProject
Global
	GlobalSection(SolutionConfigurationPlatforms) = preSolution
		Debug|Any CPU = Debug|Any CPU
		Release|Any CPU = Release|Any CPU
	EndGlobalSection
	GlobalSection(ProjectConfigurationPlatforms) = postSolution
		{D212F886-1F30-7715-47A3-22113145FF29}.Debug|Any CPU.ActiveCfg = Debug|Any CPU
		{D212F886-1F30-7715-47A3-22113145FF29}.Debug|Any CPU.Build.0 = Debug|Any CPU
		{D212F886-1F30-7715-47A3-22113145FF29}.Release|Any CPU.ActiveCfg = Release|Any CPU
		{D212F886-1F30-7715-47A3-22113145FF29}.Release|Any CPU.Build.0 = Release|Any CPU
		{6FD20265-C37D-116F-F9B9-782298815D89}.Debug|Any CPU.ActiveCfg = Debug|Any CPU
		{6FD20265-C37D-116F-F9B9-782298815D89}.Debug|Any CPU.Build.0 = Debug|Any CPU
		{6FD20265-C37D-116F-F9B9-782298815D89}.Release|Any CPU.ActiveCfg = Release|Any CPU
		{6FD20265-C37D-116F-F9B9-782298815D89}.Release|Any CPU.Build.0 = Release|Any CPU
		{03AB255B-F402-E0F6-0827-23A40AA2BCD3}.Debug|Any CPU.ActiveCfg = Debug|Any CPU
		{03AB255B-F402-E0F6-0827-23A40AA2BCD3}.Debug|Any CPU.Build.0 = Debug|Any CPU
		{03AB255B-F402-E0F6-0827-23A40AA2BCD3}.Release|Any CPU.ActiveCfg = Release|Any CPU
		{03AB255B-F402-E0F6-0827-23A40AA2BCD3}.Release|Any CPU.Build.0 = Release|Any CPU
		{6BE08798-43AF-E8D9-A31B-C5990B830F68}.Debug|Any CPU.ActiveCfg = Debug|Any CPU
		{6BE08798-43AF-E8D9-A31B-C5990B830F68}.Debug|Any CPU.Build.0 = Debug|Any CPU
		{6BE08798-43AF-E8D9-A31B-C5990B830F68}.Release|Any CPU.ActiveCfg = Release|Any CPU
		{6BE08798-43AF-E8D9-A31B-C5990B830F68}.Release|Any CPU.Build.0 = Release|Any CPU
		{BA1DA8B5-729E-4B18-BFF4-FCBD8E950F0C}.Debug|Any CPU.ActiveCfg = Debug|Any CPU
		{BA1DA8B5-729E-4B18-BFF4-FCBD8E950F0C}.Debug|Any CPU.Build.0 = Debug|Any CPU
		{BA1DA8B5-729E-4B18-BFF4-FCBD8E950F0C}.Release|Any CPU.ActiveCfg = Release|Any CPU
		{BA1DA8B5-729E-4B18-BFF4-FCBD8E950F0C}.Release|Any CPU.Build.0 = Release|Any CPU
	EndGlobalSection
	GlobalSection(SolutionProperties) = preSolution
		HideSolutionNode = FALSE
	EndGlobalSection
	GlobalSection(ExtensibilityGlobals) = postSolution
		SolutionGuid = {BC0F94E5-FE6A-4B61-962A-6D92068AD610}
	EndGlobalSection
EndGlobal
